
Microsoft Visual Studio Solution File, Format Version 12.00
# Visual Studio 14
VisualStudioVersion = 14.0.25420.1
MinimumVisualStudioVersion = 10.0.40219.1
Project("{FAE04EC0-301F-11D3-BF4B-00C04F79EFBC}") = "LB.File", "LB.File\LB.File.csproj", "{DAEC5A98-4416-42DD-B719-FB07D7D767D6}"
EndProject
Global
	GlobalSection(SolutionConfigurationPlatforms) = preSolution
		Debug|Any CPU = Debug|Any CPU
		Release|Any CPU = Release|Any CPU
	EndGlobalSection
	GlobalSection(ProjectConfigurationPlatforms) = postSolution
		{DAEC5A98-4416-42DD-B719-FB07D7D767D6}.Debug|Any CPU.ActiveCfg = Debug|Any CPU
		{DAEC5A98-4416-42DD-B719-FB07D7D767D6}.Debug|Any CPU.Build.0 = Debug|Any CPU
		{DAEC5A98-4416-42DD-B719-FB07D7D767D6}.Release|Any CPU.ActiveCfg = Release|Any CPU
		{DAEC5A98-4416-42DD-B719-FB07D7D767D6}.Release|Any CPU.Build.0 = Release|Any CPU
	EndGlobalSection
	GlobalSection(SolutionProperties) = preSolution
		HideSolutionNode = FALSE
	EndGlobalSection
EndGlobal
